
Microsoft Visual Studio Solution File, Format Version 12.00
# Visual Studio Version 16
VisualStudioVersion = 16.0.31424.327
MinimumVisualStudioVersion = 10.0.40219.1
Project("{9A19103F-16F7-4668-BE54-9A1E7A4F7556}") = "KampIntro", "KampIntro\KampIntro.csproj", "{3A2FAE81-5F05-46A2-839E-B8D02AA80C74}"
EndProject
Project("{9A19103F-16F7-4668-BE54-9A1E7A4F7556}") = "Matematik", "Matematik\Matematik.csproj", "{821D0808-B7B2-486C-A7C4-0F1D649874AB}"
EndProject
Project("{9A19103F-16F7-4668-BE54-9A1E7A4F7556}") = "OOP1", "OOP1\OOP1.csproj", "{8CA937E9-46D9-4A9D-9478-8D14F0608FC7}"
EndProject
Project("{9A19103F-16F7-4668-BE54-9A1E7A4F7556}") = "Koleksiyonlar", "Koleksiyonlar\Koleksiyonlar.csproj", "{ECA27B8B-03EF-4589-8EC5-272556E9CA99}"
EndProject
Project("{9A19103F-16F7-4668-BE54-9A1E7A4F7556}") = "GenericsIntro", "GenericsIntro\GenericsIntro.csproj", "{CDD06B17-7AB7-46A2-B740-4A2ACFE7F106}"
EndProject
Project("{9A19103F-16F7-4668-BE54-9A1E7A4F7556}") = "OOP2", "OOP2\OOP2.csproj", "{34B81DCD-D24A-43A4-97ED-ECF3ADC2AD63}"
EndProject
Project("{9A19103F-16F7-4668-BE54-9A1E7A4F7556}") = "OOP3", "OOP3\OOP3.csproj", "{AAD226B2-6097-45FB-9556-07C36B7A0E5C}"
EndProject
Project("{FAE04EC0-301F-11D3-BF4B-00C04F79EFBC}") = "GameProjoject", "GameProjoject\GameProjoject.csproj", "{F394EC03-3567-4502-95FC-BDA760B459FC}"
EndProject
Global
	GlobalSection(SolutionConfigurationPlatforms) = preSolution
		Debug|Any CPU = Debug|Any CPU
		Release|Any CPU = Release|Any CPU
	EndGlobalSection
	GlobalSection(ProjectConfigurationPlatforms) = postSolution
		{3A2FAE81-5F05-46A2-839E-B8D02AA80C74}.Debug|Any CPU.ActiveCfg = Debug|Any CPU
		{3A2FAE81-5F05-46A2-839E-B8D02AA80C74}.Debug|Any CPU.Build.0 = Debug|Any CPU
		{3A2FAE81-5F05-46A2-839E-B8D02AA80C74}.Release|Any CPU.ActiveCfg = Release|Any CPU
		{3A2FAE81-5F05-46A2-839E-B8D02AA80C74}.Release|Any CPU.Build.0 = Release|Any CPU
		{821D0808-B7B2-486C-A7C4-0F1D649874AB}.Debug|Any CPU.ActiveCfg = Debug|Any CPU
		{821D0808-B7B2-486C-A7C4-0F1D649874AB}.Debug|Any CPU.Build.0 = Debug|Any CPU
		{821D0808-B7B2-486C-A7C4-0F1D649874AB}.Release|Any CPU.ActiveCfg = Release|Any CPU
		{821D0808-B7B2-486C-A7C4-0F1D649874AB}.Release|Any CPU.Build.0 = Release|Any CPU
		{8CA937E9-46D9-4A9D-9478-8D14F0608FC7}.Debug|Any CPU.ActiveCfg = Debug|Any CPU
		{8CA937E9-46D9-4A9D-9478-8D14F0608FC7}.Debug|Any CPU.Build.0 = Debug|Any CPU
		{8CA937E9-46D9-4A9D-9478-8D14F0608FC7}.Release|Any CPU.ActiveCfg = Release|Any CPU
		{8CA937E9-46D9-4A9D-9478-8D14F0608FC7}.Release|Any CPU.Build.0 = Release|Any CPU
		{ECA27B8B-03EF-4589-8EC5-272556E9CA99}.Debug|Any CPU.ActiveCfg = Debug|Any CPU
		{ECA27B8B-03EF-4589-8EC5-272556E9CA99}.Debug|Any CPU.Build.0 = Debug|Any CPU
		{ECA27B8B-03EF-4589-8EC5-272556E9CA99}.Release|Any CPU.ActiveCfg = Release|Any CPU
		{ECA27B8B-03EF-4589-8EC5-272556E9CA99}.Release|Any CPU.Build.0 = Release|Any CPU
		{CDD06B17-7AB7-46A2-B740-4A2ACFE7F106}.Debug|Any CPU.ActiveCfg = Debug|Any CPU
		{CDD06B17-7AB7-46A2-B740-4A2ACFE7F106}.Debug|Any CPU.Build.0 = Debug|Any CPU
		{CDD06B17-7AB7-46A2-B740-4A2ACFE7F106}.Release|Any CPU.ActiveCfg = Release|Any CPU
		{CDD06B17-7AB7-46A2-B740-4A2ACFE7F106}.Release|Any CPU.Build.0 = Release|Any CPU
		{34B81DCD-D24A-43A4-97ED-ECF3ADC2AD63}.Debug|Any CPU.ActiveCfg = Debug|Any CPU
		{34B81DCD-D24A-43A4-97ED-ECF3ADC2AD63}.Debug|Any CPU.Build.0 = Debug|Any CPU
		{34B81DCD-D24A-43A4-97ED-ECF3ADC2AD63}.Release|Any CPU.ActiveCfg = Release|Any CPU
		{34B81DCD-D24A-43A4-97ED-ECF3ADC2AD63}.Release|Any CPU.Build.0 = Release|Any CPU
		{AAD226B2-6097-45FB-9556-07C36B7A0E5C}.Debug|Any CPU.ActiveCfg = Debug|Any CPU
		{AAD226B2-6097-45FB-9556-07C36B7A0E5C}.Debug|Any CPU.Build.0 = Debug|Any CPU
		{AAD226B2-6097-45FB-9556-07C36B7A0E5C}.Release|Any CPU.ActiveCfg = Release|Any CPU
		{AAD226B2-6097-45FB-9556-07C36B7A0E5C}.Release|Any CPU.Build.0 = Release|Any CPU
		{F394EC03-3567-4502-95FC-BDA760B459FC}.Debug|Any CPU.ActiveCfg = Debug|Any CPU
		{F394EC03-3567-4502-95FC-BDA760B459FC}.Debug|Any CPU.Build.0 = Debug|Any CPU
		{F394EC03-3567-4502-95FC-BDA760B459FC}.Release|Any CPU.ActiveCfg = Release|Any CPU
		{F394EC03-3567-4502-95FC-BDA760B459FC}.Release|Any CPU.Build.0 = Release|Any CPU
	EndGlobalSection
	GlobalSection(SolutionProperties) = preSolution
		HideSolutionNode = FALSE
	EndGlobalSection
	GlobalSection(ExtensibilityGlobals) = postSolution
		SolutionGuid = {1A70B17B-7E61-443B-A058-D55890204891}
	EndGlobalSection
EndGlobal
